{
  "version": "5",
  "specifiers": {
    "jsr:@hono/hono@^4.6.0": "4.11.3",
    "jsr:@std/encoding@^1.0.5": "1.0.10",
    "npm:@duckdb/node-api@^1.1.3-alpha.7": "1.1.3-alpha.12",
    "npm:react-dom@19": "19.2.5_react@19.2.5",
    "npm:react@19": "19.2.5"
  },
  "jsr": {
    "@hono/hono@4.11.3": {
      "integrity": "de7f245516a970c60c6f4bf5b0f1585efbee38ee4e01171994c2b9d69d035d70"
    },
    "@std/encoding@1.0.10": {
      "integrity": "8783c6384a2d13abd5e9e87a7ae0520a30e9f56aeeaa3bdf910a3eaaf5c811a1"
    }
  },
  "npm": {
    "@duckdb/node-api@1.1.3-alpha.12": {
      "integrity": "sha512-7n4o3/IFVrhvsyGlogueK0J5Y2EMwoN4hWM5IXNe9EwZ+zyvPU/JJEDaRwaWCjXtECfYLz6H7CKDorhvssHl4A==",
      "dependencies": [
        "@duckdb/node-bindings"
      ]
    },
    "@duckdb/node-bindings-darwin-arm64@1.1.3-alpha.12": {
      "integrity": "sha512-fuO+r4Y2qkrnbBs2FsUsgJ5p4sUOcsu0LTexz4HMnC7WkVcQK308n/+ILbZ8VSztjQR7UhNlfy4grGKUnGRzKg==",
      "os": ["darwin"],
      "cpu": ["arm64"]
    },
    "@duckdb/node-bindings-darwin-x64@1.1.3-alpha.12": {
      "integrity": "sha512-97jw6ZO0ZO7YLJx83ifUg9Fsm7hKPeqNJi+AJSbSxmx9D3dWI7ndeBCMLX7CX8DW4Jjm6tZH7+VmLVrjt2vjQg==",
      "os": ["darwin"],
      "cpu": ["x64"]
    },
    "@duckdb/node-bindings-linux-arm64@1.1.3-alpha.12": {
      "integrity": "sha512-+3/ASrQoA5nPdoQofFGjtjklaYndW/UlUyzfHuUVxs21EfPZi4LI+6N0BA+78kPI1wHYHn1+4La0pc2wA6bzfg==",
      "os": ["linux"],
      "cpu": ["arm64"]
    },
    "@duckdb/node-bindings-linux-x64@1.1.3-alpha.12": {
      "integrity": "sha512-kuAXWslGSPWZp5ienlV0LtSTO72Fhhst6qPbBxX59HeJLpCS4ZHkU9FNYKgXU8HziYh/3G81c/vBvqBgRKYbSA==",
      "os": ["linux"],
      "cpu": ["x64"]
    },
    "@duckdb/node-bindings-win32-x64@1.1.3-alpha.12": {
      "integrity": "sha512-6JeeQR9Fs8WcBF22TkDjWWnpte5ijxnBlvpov154dBKbFDZMh5L43zYmfcvamtnzYtqfhkhox1LDIkSovyHZwQ==",
      "os": ["win32"],
      "cpu": ["x64"]
    },
    "@duckdb/node-bindings@1.1.3-alpha.12": {
      "integrity": "sha512-I89ljU1Xnyrwv9W2Eel0NQQgjRH0JmOexmRBUrOdw3K+ajoDSe3Bdmd0WeI4kW1p5AWCVe7qG/YnGdM0AsS5JQ==",
      "optionalDependencies": [
        "@duckdb/node-bindings-darwin-arm64",
        "@duckdb/node-bindings-darwin-x64",
        "@duckdb/node-bindings-linux-arm64",
        "@duckdb/node-bindings-linux-x64",
        "@duckdb/node-bindings-win32-x64"
      ]
    },
    "react-dom@19.2.5_react@19.2.5": {
      "integrity": "sha512-J5bAZz+DXMMwW/wV3xzKke59Af6CHY7G4uYLN1OvBcKEsWOs4pQExj86BBKamxl/Ik5bx9whOrvBlSDfWzgSag==",
      "dependencies": [
        "react",
        "scheduler"
      ]
    },
    "react@19.2.5": {
      "integrity": "sha512-llUJLzz1zTUBrskt2pwZgLq59AemifIftw4aB7JxOqf1HY2FDaGDxgwpAPVzHU1kdWabH7FauP4i1oEeer2WCA=="
    },
    "scheduler@0.27.0": {
      "integrity": "sha512-eNv+WrVbKu1f3vbYJT/xtiF5syA5HPIMtf9IgY/nKg0sWqzAUEvqY/xm7OcZc/qafLx/iO9FgOmeSAp4v5ti/Q=="
    }
  },
  "workspace": {
    "dependencies": [
      "jsr:@hono/hono@^4.6.0",
      "jsr:@std/csv@^1.0.5",
      "jsr:@std/encoding@^1.0.5",
      "jsr:@std/path@^1.0.8",
      "npm:@duckdb/node-api@^1.1.3-alpha.7",
      "npm:react-dom@19",
      "npm:react@19"
    ]
  }
}
